
Microsoft Visual Studio Solution File, Format Version 12.00
# Visual Studio 2013
VisualStudioVersion = 12.0.31101.0
MinimumVisualStudioVersion = 10.0.40219.1
Project("{FAE04EC0-301F-11D3-BF4B-00C04F79EFBC}") = "Splinter", "Splinter\Splinter.csproj", "{0F98BAA4-6D31-4888-B775-DEA2B71D285F}"
EndProject
Project("{FAE04EC0-301F-11D3-BF4B-00C04F79EFBC}") = "ConsoleTestApplication", "ConsoleTestApplication\ConsoleTestApplication.csproj", "{EB813E4E-E68C-4A98-86F7-1D842FF3BB45}"
EndProject
Project("{FAE04EC0-301F-11D3-BF4B-00C04F79EFBC}") = "WpfTestApplication", "WpfTestApplication\WpfTestApplication.csproj", "{D8D72933-F13C-4237-9AB5-698128B803C2}"
EndProject
Global
	GlobalSection(SolutionConfigurationPlatforms) = preSolution
		Debug|Any CPU = Debug|Any CPU
		Release|Any CPU = Release|Any CPU
	EndGlobalSection
	GlobalSection(ProjectConfigurationPlatforms) = postSolution
		{0F98BAA4-6D31-4888-B775-DEA2B71D285F}.Debug|Any CPU.ActiveCfg = Debug|Any CPU
		{0F98BAA4-6D31-4888-B775-DEA2B71D285F}.Debug|Any CPU.Build.0 = Debug|Any CPU
		{0F98BAA4-6D31-4888-B775-DEA2B71D285F}.Release|Any CPU.ActiveCfg = Release|Any CPU
		{0F98BAA4-6D31-4888-B775-DEA2B71D285F}.Release|Any CPU.Build.0 = Release|Any CPU
		{EB813E4E-E68C-4A98-86F7-1D842FF3BB45}.Debug|Any CPU.ActiveCfg = Debug|Any CPU
		{EB813E4E-E68C-4A98-86F7-1D842FF3BB45}.Debug|Any CPU.Build.0 = Debug|Any CPU
		{EB813E4E-E68C-4A98-86F7-1D842FF3BB45}.Release|Any CPU.ActiveCfg = Release|Any CPU
		{EB813E4E-E68C-4A98-86F7-1D842FF3BB45}.Release|Any CPU.Build.0 = Release|Any CPU
		{D8D72933-F13C-4237-9AB5-698128B803C2}.Debug|Any CPU.ActiveCfg = Debug|Any CPU
		{D8D72933-F13C-4237-9AB5-698128B803C2}.Debug|Any CPU.Build.0 = Debug|Any CPU
		{D8D72933-F13C-4237-9AB5-698128B803C2}.Release|Any CPU.ActiveCfg = Release|Any CPU
		{D8D72933-F13C-4237-9AB5-698128B803C2}.Release|Any CPU.Build.0 = Release|Any CPU
	EndGlobalSection
	GlobalSection(SolutionProperties) = preSolution
		HideSolutionNode = FALSE
	EndGlobalSection
EndGlobal
